
Microsoft Visual Studio Solution File, Format Version 12.00
# Visual Studio Version 17
VisualStudioVersion = 17.9.34607.119
MinimumVisualStudioVersion = 10.0.40219.1
Project("{FAE04EC0-301F-11D3-BF4B-00C04F79EFBC}") = "Presentacion", "Gestion_Reservas_Motel\Presentacion.csproj", "{D9BD33FC-19EE-4C8D-9007-224D9538687F}"
EndProject
Project("{FAE04EC0-301F-11D3-BF4B-00C04F79EFBC}") = "BLL", "BLL\BLL.csproj", "{167814E0-FD3F-440E-A6F1-C7F32F032E01}"
EndProject
Project("{FAE04EC0-301F-11D3-BF4B-00C04F79EFBC}") = "DALL", "DALL\DALL.csproj", "{012B6BD0-3D23-4DF0-B32E-032B120122F5}"
EndProject
Project("{FAE04EC0-301F-11D3-BF4B-00C04F79EFBC}") = "Entity", "Entity\Entity.csproj", "{1D577EE1-FBD5-46D8-9A99-890BE50BBA9E}"
EndProject
Global
	GlobalSection(SolutionConfigurationPlatforms) = preSolution
		Debug|Any CPU = Debug|Any CPU
		Release|Any CPU = Release|Any CPU
	EndGlobalSection
	GlobalSection(ProjectConfigurationPlatforms) = postSolution
		{D9BD33FC-19EE-4C8D-9007-224D9538687F}.Debug|Any CPU.ActiveCfg = Debug|Any CPU
		{D9BD33FC-19EE-4C8D-9007-224D9538687F}.Debug|Any CPU.Build.0 = Debug|Any CPU
		{D9BD33FC-19EE-4C8D-9007-224D9538687F}.Release|Any CPU.ActiveCfg = Release|Any CPU
		{D9BD33FC-19EE-4C8D-9007-224D9538687F}.Release|Any CPU.Build.0 = Release|Any CPU
		{167814E0-FD3F-440E-A6F1-C7F32F032E01}.Debug|Any CPU.ActiveCfg = Debug|Any CPU
		{167814E0-FD3F-440E-A6F1-C7F32F032E01}.Debug|Any CPU.Build.0 = Debug|Any CPU
		{167814E0-FD3F-440E-A6F1-C7F32F032E01}.Release|Any CPU.ActiveCfg = Release|Any CPU
		{167814E0-FD3F-440E-A6F1-C7F32F032E01}.Release|Any CPU.Build.0 = Release|Any CPU
		{012B6BD0-3D23-4DF0-B32E-032B120122F5}.Debug|Any CPU.ActiveCfg = Debug|Any CPU
		{012B6BD0-3D23-4DF0-B32E-032B120122F5}.Debug|Any CPU.Build.0 = Debug|Any CPU
		{012B6BD0-3D23-4DF0-B32E-032B120122F5}.Release|Any CPU.ActiveCfg = Release|Any CPU
		{012B6BD0-3D23-4DF0-B32E-032B120122F5}.Release|Any CPU.Build.0 = Release|Any CPU
		{1D577EE1-FBD5-46D8-9A99-890BE50BBA9E}.Debug|Any CPU.ActiveCfg = Debug|Any CPU
		{1D577EE1-FBD5-46D8-9A99-890BE50BBA9E}.Debug|Any CPU.Build.0 = Debug|Any CPU
		{1D577EE1-FBD5-46D8-9A99-890BE50BBA9E}.Release|Any CPU.ActiveCfg = Release|Any CPU
		{1D577EE1-FBD5-46D8-9A99-890BE50BBA9E}.Release|Any CPU.Build.0 = Release|Any CPU
	EndGlobalSection
	GlobalSection(SolutionProperties) = preSolution
		HideSolutionNode = FALSE
	EndGlobalSection
	GlobalSection(ExtensibilityGlobals) = postSolution
		SolutionGuid = {395FF4C3-86E7-4FBC-B337-7F8402A41DB1}
	EndGlobalSection
EndGlobal
